
Microsoft Visual Studio Solution File, Format Version 12.00
# Visual Studio Version 17
VisualStudioVersion = 17.5.33502.453
MinimumVisualStudioVersion = 10.0.40219.1
Project("{2150E333-8FDC-42A3-9474-1A3956D46DE8}") = "01. ASP.NET Identity (Basic Authentication)", "01. ASP.NET Identity (Basic Authentication)", "{D28A61A5-E6CA-47EE-843C-44D8A8F4FC52}"
EndProject
Project("{9A19103F-16F7-4668-BE54-9A1E7A4F7556}") = "AspNetIdentity.Common", "AspNetIdentity.Common\AspNetIdentity.Common.csproj", "{BA7A7870-BB2F-479F-9125-71B779AF3439}"
EndProject
Project("{2150E333-8FDC-42A3-9474-1A3956D46DE8}") = "00. Common", "00. Common", "{714BF108-B61D-4032-8C60-EDB989AF620B}"
EndProject
Project("{2150E333-8FDC-42A3-9474-1A3956D46DE8}") = "02. ASP.NET Identity (Token Authentication)", "02. ASP.NET Identity (Token Authentication)", "{E4A98CCA-B466-4E3F-8656-A97077F45ED5}"
EndProject
Project("{2150E333-8FDC-42A3-9474-1A3956D46DE8}") = "03. ASP.NET Identity (Claims Based Authorization)", "03. ASP.NET Identity (Claims Based Authorization)", "{6F88D48B-51AA-457E-A21E-C8404345FE01}"
EndProject
Project("{2150E333-8FDC-42A3-9474-1A3956D46DE8}") = "04. ASP.NET Identity (Encrypted Token)", "04. ASP.NET Identity (Encrypted Token)", "{AD3DBE29-A9C4-49BA-8108-7BFE2E9BD355}"
EndProject
Project("{2150E333-8FDC-42A3-9474-1A3956D46DE8}") = "05. ASP.NET Identity (Refresh Tokens)", "05. ASP.NET Identity (Refresh Tokens)", "{A5F19B50-06AC-4908-816A-0A7C2EB3BDFA}"
EndProject
Project("{9A19103F-16F7-4668-BE54-9A1E7A4F7556}") = "AspNetIdentity.BasicAuthentication.ControllerApi", "AspNetIdentity.BasicAuthentication.ControllerApi\AspNetIdentity.BasicAuthentication.ControllerApi.csproj", "{4E28000C-D2B2-467C-B1ED-872FC0389DEB}"
EndProject
Project("{9A19103F-16F7-4668-BE54-9A1E7A4F7556}") = "AspNetIdentity.BasicAuthentication.MinimalApi", "AspNetIdentity.BasicAuthentication.MinimalApi\AspNetIdentity.BasicAuthentication.MinimalApi.csproj", "{768B1A56-3456-49B2-93EB-0C087921AA40}"
EndProject
Project("{9A19103F-16F7-4668-BE54-9A1E7A4F7556}") = "AspNetIdentity.TokenAuthentication.MinimalApi", "AspNetIdentity.TokenAuthentication.MinimalApi\AspNetIdentity.TokenAuthentication.MinimalApi.csproj", "{8AB16FFC-F08A-49CC-BEE6-1AA96F5C0E59}"
EndProject
Project("{9A19103F-16F7-4668-BE54-9A1E7A4F7556}") = "AspNetIdentity.TokenAuthentication.ControllerApi", "AspNetIdentity.TokenAuthentication.ControllerApi\AspNetIdentity.TokenAuthentication.ControllerApi.csproj", "{64DB5285-103F-448A-8275-30F961C9C045}"
EndProject
Project("{9A19103F-16F7-4668-BE54-9A1E7A4F7556}") = "AspNetIdentity.ClaimsBasedAuthorization.MinimalApi", "AspNetIdentity.ClaimsBasedAuthorization.MinimalApi\AspNetIdentity.ClaimsBasedAuthorization.MinimalApi.csproj", "{AC3D4B32-D8DD-4B19-AA4B-EE774CCB1A70}"
EndProject
Project("{9A19103F-16F7-4668-BE54-9A1E7A4F7556}") = "AspNetIdentity.ClaimsBasedAuthorization.ControllerApi", "AspNetIdentity.ClaimsBasedAuthorization.ControllerApi\AspNetIdentity.ClaimsBasedAuthorization.ControllerApi.csproj", "{580DFC57-386A-405C-B3E9-EF2CC2FC4E82}"
EndProject
Project("{9A19103F-16F7-4668-BE54-9A1E7A4F7556}") = "AspNetIdentity.EncryptedToken.MinimalApi", "AspNetIdentity.EncryptedToken.MinimalApi\AspNetIdentity.EncryptedToken.MinimalApi.csproj", "{D0F0EA16-03B1-4C3F-A4F8-B87F41217D73}"
EndProject
Project("{9A19103F-16F7-4668-BE54-9A1E7A4F7556}") = "AspNetIdentity.EncryptedToken.ControllerApi", "AspNetIdentity.EncryptedToken.ControllerApi\AspNetIdentity.EncryptedToken.ControllerApi.csproj", "{3BE4CE5A-F7C1-4143-82F0-C0453292F39E}"
EndProject
Project("{9A19103F-16F7-4668-BE54-9A1E7A4F7556}") = "AspNetIdentity.RefreshTokens.ControllerApi", "AspNetIdentity.RefreshTokens.ControllerApi\AspNetIdentity.RefreshTokens.ControllerApi.csproj", "{6B469717-B458-41DE-8338-A3D5530DA075}"
EndProject
Project("{9A19103F-16F7-4668-BE54-9A1E7A4F7556}") = "AspNetIdentity.RefreshTokens.MinimalApi", "AspNetIdentity.RefreshTokens.MinimalApi\AspNetIdentity.RefreshTokens.MinimalApi.csproj", "{965A907D-0148-44A4-BB30-4066E7C4DD51}"
EndProject
Project("{2150E333-8FDC-42A3-9474-1A3956D46DE8}") = "06. Microsoft Identity", "06. Microsoft Identity", "{8E95C322-1A8C-4D03-955C-EF965776FCC2}"
EndProject
Project("{2150E333-8FDC-42A3-9474-1A3956D46DE8}") = "07. Auth0 Identity (OAuth 2.0 Implicit Flow)", "07. Auth0 Identity (OAuth 2.0 Implicit Flow)", "{6FBC33D1-1C5D-45FB-9A8F-A3CD4E71F402}"
EndProject
Project("{2150E333-8FDC-42A3-9474-1A3956D46DE8}") = "08. Auth0 Identity (OAuth 2.0 Authorization Code Flow)", "08. Auth0 Identity (OAuth 2.0 Authorization Code Flow)", "{35A5748A-C54C-4C68-B8A2-2594906A2F43}"
EndProject
Project("{2150E333-8FDC-42A3-9474-1A3956D46DE8}") = "09. Auth0 Identity (OAuth 2.0 Client Credentials Flow)", "09. Auth0 Identity (OAuth 2.0 Client Credentials Flow)", "{482B5852-725F-434B-B0E0-1820FCAC03D7}"
EndProject
Project("{2150E333-8FDC-42A3-9474-1A3956D46DE8}") = "10. Auth0 Identity (Claims Based Authorization)", "10. Auth0 Identity (Claims Based Authorization)", "{2D388054-5859-4194-AB7C-283C670A682E}"
EndProject
Project("{2150E333-8FDC-42A3-9474-1A3956D46DE8}") = "11. ASP.NET WebApi and eID", "11. ASP.NET WebApi and eID", "{D128F6E6-990C-40F1-8F39-CCF3D584B57D}"
EndProject
Project("{9A19103F-16F7-4668-BE54-9A1E7A4F7556}") = "MicrosoftIdentity", "MicrosoftIdentity\MicrosoftIdentity.csproj", "{76CD0FD3-7300-4E93-BF22-223BE00FB1B3}"
EndProject
Project("{FAE04EC0-301F-11D3-BF4B-00C04F79EFBC}") = "AspNetWebApiWithEid", "AspNetWebApiWithEid\AspNetWebApiWithEid.csproj", "{F002C278-EBF9-4A72-AE5B-F65B437BC145}"
EndProject
Project("{FAE04EC0-301F-11D3-BF4B-00C04F79EFBC}") = "Auth0Identity.ImplicitFlow", "Auth0Identity.ImplicitFlow\Auth0Identity.ImplicitFlow.csproj", "{AC1077EE-03FD-4DB0-B1D3-58A4751203ED}"
EndProject
Project("{FAE04EC0-301F-11D3-BF4B-00C04F79EFBC}") = "Auth0Identity.AuthorizationCodeFlow", "Auth0Identity.AuthorizationCodeFlow\Auth0Identity.AuthorizationCodeFlow.csproj", "{3C38A19B-DCA5-4E4B-A095-2CC45E05F159}"
EndProject
Project("{FAE04EC0-301F-11D3-BF4B-00C04F79EFBC}") = "Auth0Identity.ClientCredentialsFlow", "Auth0Identity.ClientCredentialsFlow\Auth0Identity.ClientCredentialsFlow.csproj", "{60A52A4A-C7A2-4936-A8DA-D6238F9857FE}"
EndProject
Project("{FAE04EC0-301F-11D3-BF4B-00C04F79EFBC}") = "Auth0Identity.ClaimsBasedAuthorization", "Auth0Identity.ClaimsBasedAuthorization\Auth0Identity.ClaimsBasedAuthorization.csproj", "{E970FBF2-EBF8-4612-BD18-89B1C8210412}"
EndProject
Global
	GlobalSection(SolutionConfigurationPlatforms) = preSolution
		Debug|Any CPU = Debug|Any CPU
		Release|Any CPU = Release|Any CPU
	EndGlobalSection
	GlobalSection(ProjectConfigurationPlatforms) = postSolution
		{BA7A7870-BB2F-479F-9125-71B779AF3439}.Debug|Any CPU.ActiveCfg = Debug|Any CPU
		{BA7A7870-BB2F-479F-9125-71B779AF3439}.Debug|Any CPU.Build.0 = Debug|Any CPU
		{BA7A7870-BB2F-479F-9125-71B779AF3439}.Release|Any CPU.ActiveCfg = Release|Any CPU
		{BA7A7870-BB2F-479F-9125-71B779AF3439}.Release|Any CPU.Build.0 = Release|Any CPU
		{4E28000C-D2B2-467C-B1ED-872FC0389DEB}.Debug|Any CPU.ActiveCfg = Debug|Any CPU
		{4E28000C-D2B2-467C-B1ED-872FC0389DEB}.Debug|Any CPU.Build.0 = Debug|Any CPU
		{4E28000C-D2B2-467C-B1ED-872FC0389DEB}.Release|Any CPU.ActiveCfg = Release|Any CPU
		{4E28000C-D2B2-467C-B1ED-872FC0389DEB}.Release|Any CPU.Build.0 = Release|Any CPU
		{768B1A56-3456-49B2-93EB-0C087921AA40}.Debug|Any CPU.ActiveCfg = Debug|Any CPU
		{768B1A56-3456-49B2-93EB-0C087921AA40}.Debug|Any CPU.Build.0 = Debug|Any CPU
		{768B1A56-3456-49B2-93EB-0C087921AA40}.Release|Any CPU.ActiveCfg = Release|Any CPU
		{768B1A56-3456-49B2-93EB-0C087921AA40}.Release|Any CPU.Build.0 = Release|Any CPU
		{8AB16FFC-F08A-49CC-BEE6-1AA96F5C0E59}.Debug|Any CPU.ActiveCfg = Debug|Any CPU
		{8AB16FFC-F08A-49CC-BEE6-1AA96F5C0E59}.Debug|Any CPU.Build.0 = Debug|Any CPU
		{8AB16FFC-F08A-49CC-BEE6-1AA96F5C0E59}.Release|Any CPU.ActiveCfg = Release|Any CPU
		{8AB16FFC-F08A-49CC-BEE6-1AA96F5C0E59}.Release|Any CPU.Build.0 = Release|Any CPU
		{64DB5285-103F-448A-8275-30F961C9C045}.Debug|Any CPU.ActiveCfg = Debug|Any CPU
		{64DB5285-103F-448A-8275-30F961C9C045}.Debug|Any CPU.Build.0 = Debug|Any CPU
		{64DB5285-103F-448A-8275-30F961C9C045}.Release|Any CPU.ActiveCfg = Release|Any CPU
		{64DB5285-103F-448A-8275-30F961C9C045}.Release|Any CPU.Build.0 = Release|Any CPU
		{AC3D4B32-D8DD-4B19-AA4B-EE774CCB1A70}.Debug|Any CPU.ActiveCfg = Debug|Any CPU
		{AC3D4B32-D8DD-4B19-AA4B-EE774CCB1A70}.Debug|Any CPU.Build.0 = Debug|Any CPU
		{AC3D4B32-D8DD-4B19-AA4B-EE774CCB1A70}.Release|Any CPU.ActiveCfg = Release|Any CPU
		{AC3D4B32-D8DD-4B19-AA4B-EE774CCB1A70}.Release|Any CPU.Build.0 = Release|Any CPU
		{580DFC57-386A-405C-B3E9-EF2CC2FC4E82}.Debug|Any CPU.ActiveCfg = Debug|Any CPU
		{580DFC57-386A-405C-B3E9-EF2CC2FC4E82}.Debug|Any CPU.Build.0 = Debug|Any CPU
		{580DFC57-386A-405C-B3E9-EF2CC2FC4E82}.Release|Any CPU.ActiveCfg = Release|Any CPU
		{580DFC57-386A-405C-B3E9-EF2CC2FC4E82}.Release|Any CPU.Build.0 = Release|Any CPU
		{D0F0EA16-03B1-4C3F-A4F8-B87F41217D73}.Debug|Any CPU.ActiveCfg = Debug|Any CPU
		{D0F0EA16-03B1-4C3F-A4F8-B87F41217D73}.Debug|Any CPU.Build.0 = Debug|Any CPU
		{D0F0EA16-03B1-4C3F-A4F8-B87F41217D73}.Release|Any CPU.ActiveCfg = Release|Any CPU
		{D0F0EA16-03B1-4C3F-A4F8-B87F41217D73}.Release|Any CPU.Build.0 = Release|Any CPU
		{3BE4CE5A-F7C1-4143-82F0-C0453292F39E}.Debug|Any CPU.ActiveCfg = Debug|Any CPU
		{3BE4CE5A-F7C1-4143-82F0-C0453292F39E}.Debug|Any CPU.Build.0 = Debug|Any CPU
		{3BE4CE5A-F7C1-4143-82F0-C0453292F39E}.Release|Any CPU.ActiveCfg = Release|Any CPU
		{3BE4CE5A-F7C1-4143-82F0-C0453292F39E}.Release|Any CPU.Build.0 = Release|Any CPU
		{6B469717-B458-41DE-8338-A3D5530DA075}.Debug|Any CPU.ActiveCfg = Debug|Any CPU
		{6B469717-B458-41DE-8338-A3D5530DA075}.Debug|Any CPU.Build.0 = Debug|Any CPU
		{6B469717-B458-41DE-8338-A3D5530DA075}.Release|Any CPU.ActiveCfg = Release|Any CPU
		{6B469717-B458-41DE-8338-A3D5530DA075}.Release|Any CPU.Build.0 = Release|Any CPU
		{965A907D-0148-44A4-BB30-4066E7C4DD51}.Debug|Any CPU.ActiveCfg = Debug|Any CPU
		{965A907D-0148-44A4-BB30-4066E7C4DD51}.Debug|Any CPU.Build.0 = Debug|Any CPU
		{965A907D-0148-44A4-BB30-4066E7C4DD51}.Release|Any CPU.ActiveCfg = Release|Any CPU
		{965A907D-0148-44A4-BB30-4066E7C4DD51}.Release|Any CPU.Build.0 = Release|Any CPU
		{76CD0FD3-7300-4E93-BF22-223BE00FB1B3}.Debug|Any CPU.ActiveCfg = Debug|Any CPU
		{76CD0FD3-7300-4E93-BF22-223BE00FB1B3}.Debug|Any CPU.Build.0 = Debug|Any CPU
		{76CD0FD3-7300-4E93-BF22-223BE00FB1B3}.Release|Any CPU.ActiveCfg = Release|Any CPU
		{76CD0FD3-7300-4E93-BF22-223BE00FB1B3}.Release|Any CPU.Build.0 = Release|Any CPU
		{F002C278-EBF9-4A72-AE5B-F65B437BC145}.Debug|Any CPU.ActiveCfg = Debug|Any CPU
		{F002C278-EBF9-4A72-AE5B-F65B437BC145}.Debug|Any CPU.Build.0 = Debug|Any CPU
		{F002C278-EBF9-4A72-AE5B-F65B437BC145}.Release|Any CPU.ActiveCfg = Release|Any CPU
		{F002C278-EBF9-4A72-AE5B-F65B437BC145}.Release|Any CPU.Build.0 = Release|Any CPU
		{AC1077EE-03FD-4DB0-B1D3-58A4751203ED}.Debug|Any CPU.ActiveCfg = Debug|Any CPU
		{AC1077EE-03FD-4DB0-B1D3-58A4751203ED}.Debug|Any CPU.Build.0 = Debug|Any CPU
		{AC1077EE-03FD-4DB0-B1D3-58A4751203ED}.Release|Any CPU.ActiveCfg = Release|Any CPU
		{AC1077EE-03FD-4DB0-B1D3-58A4751203ED}.Release|Any CPU.Build.0 = Release|Any CPU
		{3C38A19B-DCA5-4E4B-A095-2CC45E05F159}.Debug|Any CPU.ActiveCfg = Debug|Any CPU
		{3C38A19B-DCA5-4E4B-A095-2CC45E05F159}.Debug|Any CPU.Build.0 = Debug|Any CPU
		{3C38A19B-DCA5-4E4B-A095-2CC45E05F159}.Release|Any CPU.ActiveCfg = Release|Any CPU
		{3C38A19B-DCA5-4E4B-A095-2CC45E05F159}.Release|Any CPU.Build.0 = Release|Any CPU
		{60A52A4A-C7A2-4936-A8DA-D6238F9857FE}.Debug|Any CPU.ActiveCfg = Debug|Any CPU
		{60A52A4A-C7A2-4936-A8DA-D6238F9857FE}.Debug|Any CPU.Build.0 = Debug|Any CPU
		{60A52A4A-C7A2-4936-A8DA-D6238F9857FE}.Release|Any CPU.ActiveCfg = Release|Any CPU
		{60A52A4A-C7A2-4936-A8DA-D6238F9857FE}.Release|Any CPU.Build.0 = Release|Any CPU
		{E970FBF2-EBF8-4612-BD18-89B1C8210412}.Debug|Any CPU.ActiveCfg = Debug|Any CPU
		{E970FBF2-EBF8-4612-BD18-89B1C8210412}.Debug|Any CPU.Build.0 = Debug|Any CPU
		{E970FBF2-EBF8-4612-BD18-89B1C8210412}.Release|Any CPU.ActiveCfg = Release|Any CPU
		{E970FBF2-EBF8-4612-BD18-89B1C8210412}.Release|Any CPU.Build.0 = Release|Any CPU
	EndGlobalSection
	GlobalSection(SolutionProperties) = preSolution
		HideSolutionNode = FALSE
	EndGlobalSection
	GlobalSection(NestedProjects) = preSolution
		{BA7A7870-BB2F-479F-9125-71B779AF3439} = {714BF108-B61D-4032-8C60-EDB989AF620B}
		{4E28000C-D2B2-467C-B1ED-872FC0389DEB} = {D28A61A5-E6CA-47EE-843C-44D8A8F4FC52}
		{768B1A56-3456-49B2-93EB-0C087921AA40} = {D28A61A5-E6CA-47EE-843C-44D8A8F4FC52}
		{8AB16FFC-F08A-49CC-BEE6-1AA96F5C0E59} = {E4A98CCA-B466-4E3F-8656-A97077F45ED5}
		{64DB5285-103F-448A-8275-30F961C9C045} = {E4A98CCA-B466-4E3F-8656-A97077F45ED5}
		{AC3D4B32-D8DD-4B19-AA4B-EE774CCB1A70} = {6F88D48B-51AA-457E-A21E-C8404345FE01}
		{580DFC57-386A-405C-B3E9-EF2CC2FC4E82} = {6F88D48B-51AA-457E-A21E-C8404345FE01}
		{D0F0EA16-03B1-4C3F-A4F8-B87F41217D73} = {AD3DBE29-A9C4-49BA-8108-7BFE2E9BD355}
		{3BE4CE5A-F7C1-4143-82F0-C0453292F39E} = {AD3DBE29-A9C4-49BA-8108-7BFE2E9BD355}
		{6B469717-B458-41DE-8338-A3D5530DA075} = {A5F19B50-06AC-4908-816A-0A7C2EB3BDFA}
		{965A907D-0148-44A4-BB30-4066E7C4DD51} = {A5F19B50-06AC-4908-816A-0A7C2EB3BDFA}
		{76CD0FD3-7300-4E93-BF22-223BE00FB1B3} = {8E95C322-1A8C-4D03-955C-EF965776FCC2}
		{F002C278-EBF9-4A72-AE5B-F65B437BC145} = {D128F6E6-990C-40F1-8F39-CCF3D584B57D}
		{AC1077EE-03FD-4DB0-B1D3-58A4751203ED} = {6FBC33D1-1C5D-45FB-9A8F-A3CD4E71F402}
		{3C38A19B-DCA5-4E4B-A095-2CC45E05F159} = {35A5748A-C54C-4C68-B8A2-2594906A2F43}
		{60A52A4A-C7A2-4936-A8DA-D6238F9857FE} = {482B5852-725F-434B-B0E0-1820FCAC03D7}
		{E970FBF2-EBF8-4612-BD18-89B1C8210412} = {2D388054-5859-4194-AB7C-283C670A682E}
	EndGlobalSection
	GlobalSection(ExtensibilityGlobals) = postSolution
		SolutionGuid = {6A9D8F69-457D-4618-88B2-DFB77BA690A6}
	EndGlobalSection
EndGlobal
